// !$*UTF8*$!
{
	archiveVersion = 1;
	classes = {
	};
	objectVersion = 46;
	objects = {

/* Begin PBXBuildFile section */
		2CA3ED6E1B28E6E200479B9B /* AppDelegate.swift in Sources */ = {isa = PBXBuildFile; fileRef = 2CA3ED6D1B28E6E200479B9B /* AppDelegate.swift */; };
		2CA3ED701B28E6E200479B9B /* ViewController.swift in Sources */ = {isa = PBXBuildFile; fileRef = 2CA3ED6F1B28E6E200479B9B /* ViewController.swift */; };
		2CA3ED731B28E6E200479B9B /* Main.storyboard in Resources */ = {isa = PBXBuildFile; fileRef = 2CA3ED711B28E6E200479B9B /* Main.storyboard */; };
		2CA3ED751B28E6E200479B9B /* Assets.xcassets in Resources */ = {isa = PBXBuildFile; fileRef = 2CA3ED741B28E6E200479B9B /* Assets.xcassets */; };
		2CA3ED781B28E6E200479B9B /* LaunchScreen.storyboard in Resources */ = {isa = PBXBuildFile; fileRef = 2CA3ED761B28E6E200479B9B /* LaunchScreen.storyboard */; };
		2CA3ED831B28E6E200479B9B /* ExampleIos9Tests.swift in Sources */ = {isa = PBXBuildFile; fileRef = 2CA3ED821B28E6E200479B9B /* ExampleIos9Tests.swift */; };
		2CA3ED8E1B28E6E200479B9B /* ExampleIos9UITests.swift in Sources */ = {isa = PBXBuildFile; fileRef = 2CA3ED8D1B28E6E200479B9B /* ExampleIos9UITests.swift */; };
/* End PBXBuildFile section */

/* Begin PBXContainerItemProxy section */
		2CA3ED7F1B28E6E200479B9B /* PBXContainerItemProxy */ = {
			isa = PBXContainerItemProxy;
			containerPortal = 2CA3ED621B28E6E200479B9B /* Project object */;
			proxyType = 1;
			remoteGlobalIDString = 2CA3ED691B28E6E200479B9B;
			remoteInfo = ExampleIos9;
		};
		2CA3ED8A1B28E6E200479B9B /* PBXContainerItemProxy */ = {
			isa = PBXContainerItemProxy;
			containerPortal = 2CA3ED621B28E6E200479B9B /* Project object */;
			proxyType = 1;
			remoteGlobalIDString = 2CA3ED691B28E6E200479B9B;
			remoteInfo = ExampleIos9;
		};
/* End PBXContainerItemProxy section */

/* Begin PBXFileReference section */
		2CA3ED6A1B28E6E200479B9B /* ExampleIos9.app */ = {isa = PBXFileReference; explicitFileType = wrapper.application; includeInIndex = 0; path = ExampleIos9.app; sourceTree = BUILT_PRODUCTS_DIR; };
		2CA3ED6D1B28E6E200479B9B /* AppDelegate.swift */ = {isa = PBXFileReference; lastKnownFileType = sourcecode.swift; path = AppDelegate.swift; sourceTree = "<group>"; };
		2CA3ED6F1B28E6E200479B9B /* ViewController.swift */ = {isa = PBXFileReference; lastKnownFileType = sourcecode.swift; path = ViewController.swift; sourceTree = "<group>"; };
		2CA3ED721B28E6E200479B9B /* Base */ = {isa = PBXFileReference; lastKnownFileType = file.storyboard; name = Base; path = Base.lproj/Main.storyboard; sourceTree = "<group>"; };
		2CA3ED741B28E6E200479B9B /* Assets.xcassets */ = {isa = PBXFileReference; lastKnownFileType = folder.assetcatalog; path = Assets.xcassets; sourceTree = "<group>"; };
		2CA3ED771B28E6E200479B9B /* Base */ = {isa = PBXFileReference; lastKnownFileType = file.storyboard; name = Base; path = Base.lproj/LaunchScreen.storyboard; sourceTree = "<group>"; };
		2CA3ED791B28E6E200479B9B /* Info.plist */ = {isa = PBXFileReference; lastKnownFileType = text.plist.xml; path = Info.plist; sourceTree = "<group>"; };
		2CA3ED7E1B28E6E200479B9B /* ExampleIos9Tests.xctest */ = {isa = PBXFileReference; explicitFileType = wrapper.cfbundle; includeInIndex = 0; path = ExampleIos9Tests.xctest; sourceTree = BUILT_PRODUCTS_DIR; };
		2CA3ED821B28E6E200479B9B /* ExampleIos9Tests.swift */ = {isa = PBXFileReference; lastKnownFileType = sourcecode.swift; path = ExampleIos9Tests.swift; sourceTree = "<group>"; };
		2CA3ED841B28E6E200479B9B /* Info.plist */ = {isa = PBXFileReference; lastKnownFileType = text.plist.xml; path = Info.plist; sourceTree = "<group>"; };
		2CA3ED891B28E6E200479B9B /* ExampleIos9UITests.xctest */ = {isa = PBXFileReference; explicitFileType = wrapper.cfbundle; includeInIndex = 0; path = ExampleIos9UITests.xctest; sourceTree = BUILT_PRODUCTS_DIR; };
		2CA3ED8D1B28E6E200479B9B /* ExampleIos9UITests.swift */ = {isa = PBXFileReference; lastKnownFileType = sourcecode.swift; path = ExampleIos9UITests.swift; sourceTree = "<group>"; };
		2CA3ED8F1B28E6E200479B9B /* Info.plist */ = {isa = PBXFileReference; lastKnownFileType = text.plist.xml; path = Info.plist; sourceTree = "<group>"; };
/* End PBXFileReference section */

/* Begin PBXFrameworksBuildPhase section */
		2CA3ED671B28E6E200479B9B /* Frameworks */ = {
			isa = PBXFrameworksBuildPhase;
			buildActionMask = 2147483647;
			files = (
			);
			runOnlyForDeploymentPostprocessing = 0;
		};
		2CA3ED7B1B28E6E200479B9B /* Frameworks */ = {
			isa = PBXFrameworksBuildPhase;
			buildActionMask = 2147483647;
			files = (
			);
			runOnlyForDeploymentPostprocessing = 0;
		};
		2CA3ED861B28E6E200479B9B /* Frameworks */ = {
			isa = PBXFrameworksBuildPhase;
			buildActionMask = 2147483647;
			files = (
			);
			runOnlyForDeploymentPostprocessing = 0;
		};
/* End PBXFrameworksBuildPhase section */

/* Begin PBXGroup section */
		2CA3ED611B28E6E200479B9B = {
			isa = PBXGroup;
			children = (
				2CA3ED6C1B28E6E200479B9B /* ExampleIos9 */,
				2CA3ED811B28E6E200479B9B /* ExampleIos9Tests */,
				2CA3ED8C1B28E6E200479B9B /* ExampleIos9UITests */,
				2CA3ED6B1B28E6E200479B9B /* Products */,
			);
			sourceTree = "<group>";
		};
		2CA3ED6B1B28E6E200479B9B /* Products */ = {
			isa = PBXGroup;
			children = (
				2CA3ED6A1B28E6E200479B9B /* ExampleIos9.app */,
				2CA3ED7E1B28E6E200479B9B /* ExampleIos9Tests.xctest */,
				2CA3ED891B28E6E200479B9B /* ExampleIos9UITests.xctest */,
			);
			name = Products;
			sourceTree = "<group>";
		};
		2CA3ED6C1B28E6E200479B9B /* ExampleIos9 */ = {
			isa = PBXGroup;
			children = (
				2CA3ED6D1B28E6E200479B9B /* AppDelegate.swift */,
				2CA3ED6F1B28E6E200479B9B /* ViewController.swift */,
				2CA3ED711B28E6E200479B9B /* Main.storyboard */,
				2CA3ED741B28E6E200479B9B /* Assets.xcassets */,
				2CA3ED761B28E6E200479B9B /* LaunchScreen.storyboard */,
				2CA3ED791B28E6E200479B9B /* Info.plist */,
			);
			path = ExampleIos9;
			sourceTree = "<group>";
		};
		2CA3ED811B28E6E200479B9B /* ExampleIos9Tests */ = {
			isa = PBXGroup;
			children = (
				2CA3ED821B28E6E200479B9B /* ExampleIos9Tests.swift */,
				2CA3ED841B28E6E200479B9B /* Info.plist */,
			);
			path = ExampleIos9Tests;
			sourceTree = "<group>";
		};
		2CA3ED8C1B28E6E200479B9B /* ExampleIos9UITests */ = {
			isa = PBXGroup;
			children = (
				2CA3ED8D1B28E6E200479B9B /* ExampleIos9UITests.swift */,
				2CA3ED8F1B28E6E200479B9B /* Info.plist */,
			);
			path = ExampleIos9UITests;
			sourceTree = "<group>";
		};
/* End PBXGroup section */

/* Begin PBXNativeTarget section */
		2CA3ED691B28E6E200479B9B /* ExampleIos9 */ = {
			isa = PBXNativeTarget;
			buildConfigurationList = 2CA3ED921B28E6E200479B9B /* Build configuration list for PBXNativeTarget "ExampleIos9" */;
			buildPhases = (
				2CA3ED661B28E6E200479B9B /* Sources */,
				2CA3ED671B28E6E200479B9B /* Frameworks */,
				2CA3ED681B28E6E200479B9B /* Resources */,
			);
			buildRules = (
			);
			dependencies = (
			);
			name = ExampleIos9;
			productName = ExampleIos9;
			productReference = 2CA3ED6A1B28E6E200479B9B /* ExampleIos9.app */;
			productType = "com.apple.product-type.application";
		};
		2CA3ED7D1B28E6E200479B9B /* ExampleIos9Tests */ = {
			isa = PBXNativeTarget;
			buildConfigurationList = 2CA3ED951B28E6E200479B9B /* Build configuration list for PBXNativeTarget "ExampleIos9Tests" */;
			buildPhases = (
				2CA3ED7A1B28E6E200479B9B /* Sources */,
				2CA3ED7B1B28E6E200479B9B /* Frameworks */,
				2CA3ED7C1B28E6E200479B9B /* Resources */,
			);
			buildRules = (
			);
			dependencies = (
				2CA3ED801B28E6E200479B9B /* PBXTargetDependency */,
			);
			name = ExampleIos9Tests;
			productName = ExampleIos9Tests;
			productReference = 2CA3ED7E1B28E6E200479B9B /* ExampleIos9Tests.xctest */;
			productType = "com.apple.product-type.bundle.unit-test";
		};
		2CA3ED881B28E6E200479B9B /* ExampleIos9UITests */ = {
			isa = PBXNativeTarget;
			buildConfigurationList = 2CA3ED981B28E6E200479B9B /* Build configuration list for PBXNativeTarget "ExampleIos9UITests" */;
			buildPhases = (
				2CA3ED851B28E6E200479B9B /* Sources */,
				2CA3ED861B28E6E200479B9B /* Frameworks */,
				2CA3ED871B28E6E200479B9B /* Resources */,
			);
			buildRules = (
			);
			dependencies = (
				2CA3ED8B1B28E6E200479B9B /* PBXTargetDependency */,
			);
			name = ExampleIos9UITests;
			productName = ExampleIos9UITests;
			productReference = 2CA3ED891B28E6E200479B9B /* ExampleIos9UITests.xctest */;
			productType = "com.apple.product-type.bundle.ui-testing";
		};
/* End PBXNativeTarget section */

/* Begin PBXProject section */
		2CA3ED621B28E6E200479B9B /* Project object */ = {
			isa = PBXProject;
			attributes = {
				LastUpgradeCheck = 0700;
				ORGANIZATIONNAME = ShipIO;
				TargetAttributes = {
					2CA3ED691B28E6E200479B9B = {
						CreatedOnToolsVersion = 7.0;
					};
					2CA3ED7D1B28E6E200479B9B = {
						CreatedOnToolsVersion = 7.0;
						TestTargetID = 2CA3ED691B28E6E200479B9B;
					};
					2CA3ED881B28E6E200479B9B = {
						CreatedOnToolsVersion = 7.0;
						TestTargetID = 2CA3ED691B28E6E200479B9B;
					};
				};
			};
			buildConfigurationList = 2CA3ED651B28E6E200479B9B /* Build configuration list for PBXProject "ExampleIos9" */;
			compatibilityVersion = "Xcode 3.2";
			developmentRegion = English;
			hasScannedForEncodings = 0;
			knownRegions = (
				en,
				Base,
			);
			mainGroup = 2CA3ED611B28E6E200479B9B;
			productRefGroup = 2CA3ED6B1B28E6E200479B9B /* Products */;
			projectDirPath = "";
			projectRoot = "";
			targets = (
				2CA3ED691B28E6E200479B9B /* ExampleIos9 */,
				2CA3ED7D1B28E6E200479B9B /* ExampleIos9Tests */,
				2CA3ED881B28E6E200479B9B /* ExampleIos9UITests */,
			);
		};
/* End PBXProject section */

/* Begin PBXResourcesBuildPhase section */
		2CA3ED681B28E6E200479B9B /* Resources */ = {
			isa = PBXResourcesBuildPhase;
			buildActionMask = 2147483647;
			files = (
				2CA3ED781B28E6E200479B9B /* LaunchScreen.storyboard in Resources */,
				2CA3ED751B28E6E200479B9B /* Assets.xcassets in Resources */,
				2CA3ED731B28E6E200479B9B /* Main.storyboard in Resources */,
			);
			runOnlyForDeploymentPostprocessing = 0;
		};
		2CA3ED7C1B28E6E200479B9B /* Resources */ = {
			isa = PBXResourcesBuildPhase;
			buildActionMask = 2147483647;
			files = (
			);
			runOnlyForDeploymentPostprocessing = 0;
		};
		2CA3ED871B28E6E200479B9B /* Resources */ = {
			isa = PBXResourcesBuildPhase;
			buildActionMask = 2147483647;
			files = (
			);
			runOnlyForDeploymentPostprocessing = 0;
		};
/* End PBXResourcesBuildPhase section */

/* Begin PBXSourcesBuildPhase section */
		2CA3ED661B28E6E200479B9B /* Sources */ = {
			isa = PBXSourcesBuildPhase;
			buildActionMask = 2147483647;
			files = (
				2CA3ED701B28E6E200479B9B /* ViewController.swift in Sources */,
				2CA3ED6E1B28E6E200479B9B /* AppDelegate.swift in Sources */,
			);
			runOnlyForDeploymentPostprocessing = 0;
		};
		2CA3ED7A1B28E6E200479B9B /* Sources */ = {
			isa = PBXSourcesBuildPhase;
			buildActionMask = 2147483647;
			files = (
				2CA3ED831B28E6E200479B9B /* ExampleIos9Tests.swift in Sources */,
			);
			runOnlyForDeploymentPostprocessing = 0;
		};
		2CA3ED851B28E6E200479B9B /* Sources */ = {
			isa = PBXSourcesBuildPhase;
			buildActionMask = 2147483647;
			files = (
				2CA3ED8E1B28E6E200479B9B /* ExampleIos9UITests.swift in Sources */,
			);
			runOnlyForDeploymentPostprocessing = 0;
		};
/* End PBXSourcesBuildPhase section */

/* Begin PBXTargetDependency section */
		2CA3ED801B28E6E200479B9B /* PBXTargetDependency */ = {
			isa = PBXTargetDependency;
			target = 2CA3ED691B28E6E200479B9B /* ExampleIos9 */;
			targetProxy = 2CA3ED7F1B28E6E200479B9B /* PBXContainerItemProxy */;
		};
		2CA3ED8B1B28E6E200479B9B /* PBXTargetDependency */ = {
			isa = PBXTargetDependency;
			target = 2CA3ED691B28E6E200479B9B /* ExampleIos9 */;
			targetProxy = 2CA3ED8A1B28E6E200479B9B /* PBXContainerItemProxy */;
		};
/* End PBXTargetDependency section */

/* Begin PBXVariantGroup section */
		2CA3ED711B28E6E200479B9B /* Main.storyboard */ = {
			isa = PBXVariantGroup;
			children = (
				2CA3ED721B28E6E200479B9B /* Base */,
			);
			name = Main.storyboard;
			sourceTree = "<group>";
		};
		2CA3ED761B28E6E200479B9B /* LaunchScreen.storyboard */ = {
			isa = PBXVariantGroup;
			children = (
				2CA3ED771B28E6E200479B9B /* Base */,
			);
			name = LaunchScreen.storyboard;
			sourceTree = "<group>";
		};
/* End PBXVariantGroup section */

/* Begin XCBuildConfiguration section */
		2CA3ED901B28E6E200479B9B /* Debug */ = {
			isa = XCBuildConfiguration;
			buildSettings = {
				ALWAYS_SEARCH_USER_PATHS = NO;
				CLANG_CXX_LANGUAGE_STANDARD = "gnu++0x";
				CLANG_CXX_LIBRARY = "libc++";
				CLANG_ENABLE_MODULES = YES;
				CLANG_ENABLE_OBJC_ARC = YES;
				CLANG_WARN_BOOL_CONVERSION = YES;
				CLANG_WARN_CONSTANT_CONVERSION = YES;
				CLANG_WARN_DIRECT_OBJC_ISA_USAGE = YES_ERROR;
				CLANG_WARN_EMPTY_BODY = YES;
				CLANG_WARN_ENUM_CONVERSION = YES;
				CLANG_WARN_INT_CONVERSION = YES;
				CLANG_WARN_OBJC_ROOT_CLASS = YES_ERROR;
				CLANG_WARN_UNREACHABLE_CODE = YES;
				CLANG_WARN__DUPLICATE_METHOD_MATCH = YES;
				"CODE_SIGN_IDENTITY[sdk=iphoneos*]" = "iPhone Developer";
				COPY_PHASE_STRIP = NO;
				DEBUG_INFORMATION_FORMAT = dwarf;
				ENABLE_STRICT_OBJC_MSGSEND = YES;
				ENABLE_TESTABILITY = YES;
				GCC_C_LANGUAGE_STANDARD = gnu99;
				GCC_DYNAMIC_NO_PIC = NO;
				GCC_NO_COMMON_BLOCKS = YES;
				GCC_OPTIMIZATION_LEVEL = 0;
				GCC_PREPROCESSOR_DEFINITIONS = (
					"DEBUG=1",
					"$(inherited)",
				);
				GCC_WARN_64_TO_32_BIT_CONVERSION = YES;
				GCC_WARN_ABOUT_RETURN_TYPE = YES_ERROR;
				GCC_WARN_UNDECLARED_SELECTOR = YES;
				GCC_WARN_UNINITIALIZED_AUTOS = YES_AGGRESSIVE;
				GCC_WARN_UNUSED_FUNCTION = YES;
				GCC_WARN_UNUSED_VARIABLE = YES;
				IPHONEOS_DEPLOYMENT_TARGET = 9.0;
				MTL_ENABLE_DEBUG_INFO = YES;
				ONLY_ACTIVE_ARCH = YES;
				SDKROOT = iphoneos;
				SWIFT_OPTIMIZATION_LEVEL = "-Onone";
				TARGETED_DEVICE_FAMILY = "1,2";
			};
			name = Debug;
		};
		2CA3ED911B28E6E200479B9B /* Release */ = {
			isa = XCBuildConfiguration;
			buildSettings = {
				ALWAYS_SEARCH_USER_PATHS = NO;
				CLANG_CXX_LANGUAGE_STANDARD = "gnu++0x";
				CLANG_CXX_LIBRARY = "libc++";
				CLANG_ENABLE_MODULES = YES;
				CLANG_ENABLE_OBJC_ARC = YES;
				CLANG_WARN_BOOL_CONVERSION = YES;
				CLANG_WARN_CONSTANT_CONVERSION = YES;
				CLANG_WARN_DIRECT_OBJC_ISA_USAGE = YES_ERROR;
				CLANG_WARN_EMPTY_BODY = YES;
				CLANG_WARN_ENUM_CONVERSION = YES;
				CLANG_WARN_INT_CONVERSION = YES;
				CLANG_WARN_OBJC_ROOT_CLASS = YES_ERROR;
				CLANG_WARN_UNREACHABLE_CODE = YES;
				CLANG_WARN__DUPLICATE_METHOD_MATCH = YES;
				"CODE_SIGN_IDENTITY[sdk=iphoneos*]" = "iPhone Developer";
				COPY_PHASE_STRIP = NO;
				DEBUG_INFORMATION_FORMAT = "dwarf-with-dsym";
				ENABLE_NS_ASSERTIONS = NO;
				ENABLE_STRICT_OBJC_MSGSEND = YES;
				GCC_C_LANGUAGE_STANDARD = gnu99;
				GCC_NO_COMMON_BLOCKS = YES;
				GCC_WARN_64_TO_32_BIT_CONVERSION = YES;
				GCC_WARN_ABOUT_RETURN_TYPE = YES_ERROR;
				GCC_WARN_UNDECLARED_SELECTOR = YES;
				GCC_WARN_UNINITIALIZED_AUTOS = YES_AGGRESSIVE;
				GCC_WARN_UNUSED_FUNCTION = YES;
				GCC_WARN_UNUSED_VARIABLE = YES;
				IPHONEOS_DEPLOYMENT_TARGET = 9.0;
				MTL_ENABLE_DEBUG_INFO = NO;
				SDKROOT = iphoneos;
				TARGETED_DEVICE_FAMILY = "1,2";
				VALIDATE_PRODUCT = YES;
			};
			name = Release;
		};
		2CA3ED931B28E6E200479B9B /* Debug */ = {
			isa = XCBuildConfiguration;
			buildSettings = {
				ASSETCATALOG_COMPILER_APPICON_NAME = AppIcon;
				INFOPLIST_FILE = ExampleIos9/Info.plist;
				IPHONEOS_DEPLOYMENT_TARGET = 8.1;
				LD_RUNPATH_SEARCH_PATHS = "$(inherited) @executable_path/Frameworks";
				PRODUCT_BUNDLE_IDENTIFIER = com.shipio.ExampleIos9;
				PRODUCT_NAME = "$(TARGET_NAME)";
			};
			name = Debug;
		};
		2CA3ED941B28E6E200479B9B /* Release */ = {
			isa = XCBuildConfiguration;
			buildSettings = {
				ASSETCATALOG_COMPILER_APPICON_NAME = AppIcon;
				INFOPLIST_FILE = ExampleIos9/Info.plist;
				IPHONEOS_DEPLOYMENT_TARGET = 8.1;
				LD_RUNPATH_SEARCH_PATHS = "$(inherited) @executable_path/Frameworks";
				PRODUCT_BUNDLE_IDENTIFIER = com.shipio.ExampleIos9;
				PRODUCT_NAME = "$(TARGET_NAME)";
			};
			name = Release;
		};
		2CA3ED961B28E6E200479B9B /* Debug */ = {
			isa = XCBuildConfiguration;
			buildSettings = {
				BUNDLE_LOADER = "$(TEST_HOST)";
				INFOPLIST_FILE = ExampleIos9Tests/Info.plist;
				LD_RUNPATH_SEARCH_PATHS = "$(inherited) @executable_path/Frameworks @loader_path/Frameworks";
				PRODUCT_BUNDLE_IDENTIFIER = com.shipio.ExampleIos9Tests;
				PRODUCT_NAME = "$(TARGET_NAME)";
				TEST_HOST = "$(BUILT_PRODUCTS_DIR)/ExampleIos9.app/ExampleIos9";
			};
			name = Debug;
		};
		2CA3ED971B28E6E200479B9B /* Release */ = {
			isa = XCBuildConfiguration;
			buildSettings = {
				BUNDLE_LOADER = "$(TEST_HOST)";
				INFOPLIST_FILE = ExampleIos9Tests/Info.plist;
				LD_RUNPATH_SEARCH_PATHS = "$(inherited) @executable_path/Frameworks @loader_path/Frameworks";
				PRODUCT_BUNDLE_IDENTIFIER = com.shipio.ExampleIos9Tests;
				PRODUCT_NAME = "$(TARGET_NAME)";
				TEST_HOST = "$(BUILT_PRODUCTS_DIR)/ExampleIos9.app/ExampleIos9";
			};
			name = Release;
		};
		2CA3ED991B28E6E200479B9B /* Debug */ = {
			isa = XCBuildConfiguration;
			buildSettings = {
				INFOPLIST_FILE = ExampleIos9UITests/Info.plist;
				LD_RUNPATH_SEARCH_PATHS = "$(inherited) @executable_path/Frameworks @loader_path/Frameworks";
				PRODUCT_BUNDLE_IDENTIFIER = com.shipio.ExampleIos9UITests;
				PRODUCT_NAME = "$(TARGET_NAME)";
				TEST_TARGET_NAME = ExampleIos9;
				USES_XCTRUNNER = YES;
			};
			name = Debug;
		};
		2CA3ED9A1B28E6E200479B9B /* Release */ = {
			isa = XCBuildConfiguration;
			buildSettings = {
				INFOPLIST_FILE = ExampleIos9UITests/Info.plist;
				LD_RUNPATH_SEARCH_PATHS = "$(inherited) @executable_path/Frameworks @loader_path/Frameworks";
				PRODUCT_BUNDLE_IDENTIFIER = com.shipio.ExampleIos9UITests;
				PRODUCT_NAME = "$(TARGET_NAME)";
				TEST_TARGET_NAME = ExampleIos9;
				USES_XCTRUNNER = YES;
			};
			name = Release;
		};
/* End XCBuildConfiguration section */

/* Begin XCConfigurationList section */
		2CA3ED651B28E6E200479B9B /* Build configuration list for PBXProject "ExampleIos9" */ = {
			isa = XCConfigurationList;
			buildConfigurations = (
				2CA3ED901B28E6E200479B9B /* Debug */,
				2CA3ED911B28E6E200479B9B /* Release */,
			);
			defaultConfigurationIsVisible = 0;
			defaultConfigurationName = Release;
		};
		2CA3ED921B28E6E200479B9B /* Build configuration list for PBXNativeTarget "ExampleIos9" */ = {
			isa = XCConfigurationList;
			buildConfigurations = (
				2CA3ED931B28E6E200479B9B /* Debug */,
				2CA3ED941B28E6E200479B9B /* Release */,
			);
			defaultConfigurationIsVisible = 0;
			defaultConfigurationName = Release;
		};
		2CA3ED951B28E6E200479B9B /* Build configuration list for PBXNativeTarget "ExampleIos9Tests" */ = {
			isa = XCConfigurationList;
			buildConfigurations = (
				2CA3ED961B28E6E200479B9B /* Debug */,
				2CA3ED971B28E6E200479B9B /* Release */,
			);
			defaultConfigurationIsVisible = 0;
			defaultConfigurationName = Release;
		};
		2CA3ED981B28E6E200479B9B /* Build configuration list for PBXNativeTarget "ExampleIos9UITests" */ = {
			isa = XCConfigurationList;
			buildConfigurations = (
				2CA3ED991B28E6E200479B9B /* Debug */,
				2CA3ED9A1B28E6E200479B9B /* Release */,
			);
			defaultConfigurationIsVisible = 0;
			defaultConfigurationName = Release;
		};
/* End XCConfigurationList section */
	};
	rootObject = 2CA3ED621B28E6E200479B9B /* Project object */;
}
